// !$*UTF8*$!
{
	archiveVersion = 1;
	classes = {
	};
	objectVersion = 50;
	objects = {

/* Begin PBXBuildFile section */
		B4F76BC1266F7A4300F6FAD9 /* AppDelegate.swift in Sources */ = {isa = PBXBuildFile; fileRef = B4F76BC0266F7A4300F6FAD9 /* AppDelegate.swift */; };
		B4F76BC3266F7A4300F6FAD9 /* SceneDelegate.swift in Sources */ = {isa = PBXBuildFile; fileRef = B4F76BC2266F7A4300F6FAD9 /* SceneDelegate.swift */; };
		B4F76BC5266F7A4300F6FAD9 /* MainViewController.swift in Sources */ = {isa = PBXBuildFile; fileRef = B4F76BC4266F7A4300F6FAD9 /* MainViewController.swift */; };
		B4F76BC8266F7A4300F6FAD9 /* Main.storyboard in Resources */ = {isa = PBXBuildFile; fileRef = B4F76BC6266F7A4300F6FAD9 /* Main.storyboard */; };
		B4F76BCB266F7A4300F6FAD9 /* FlowchartReader.xcdatamodeld in Sources */ = {isa = PBXBuildFile; fileRef = B4F76BC9266F7A4300F6FAD9 /* FlowchartReader.xcdatamodeld */; };
		B4F76BCD266F7A4600F6FAD9 /* Assets.xcassets in Resources */ = {isa = PBXBuildFile; fileRef = B4F76BCC266F7A4600F6FAD9 /* Assets.xcassets */; };
		B4F76BD0266F7A4600F6FAD9 /* LaunchScreen.storyboard in Resources */ = {isa = PBXBuildFile; fileRef = B4F76BCE266F7A4600F6FAD9 /* LaunchScreen.storyboard */; };
		C01E8CFE26718AD70054AA28 /* MenuListStaticSeeder.swift in Sources */ = {isa = PBXBuildFile; fileRef = C01E8CFD26718AD70054AA28 /* MenuListStaticSeeder.swift */; };
		C01E8D0026720BC50054AA28 /* MainMenuTableView.swift in Sources */ = {isa = PBXBuildFile; fileRef = C01E8CFF26720BC50054AA28 /* MainMenuTableView.swift */; };
		C07E4B5126707A68008E68CF /* FlowchartRepository.swift in Sources */ = {isa = PBXBuildFile; fileRef = C07E4B5026707A68008E68CF /* FlowchartRepository.swift */; };
		C07E4B5A26708369008E68CF /* MainMenuTableViewCell.swift in Sources */ = {isa = PBXBuildFile; fileRef = C07E4B5826708369008E68CF /* MainMenuTableViewCell.swift */; };
		C07E4B5B26708369008E68CF /* MainMenuTableViewCell.xib in Resources */ = {isa = PBXBuildFile; fileRef = C07E4B5926708369008E68CF /* MainMenuTableViewCell.xib */; };
		C07E4B6226708F3B008E68CF /* Menu.swift in Sources */ = {isa = PBXBuildFile; fileRef = C07E4B6126708F3B008E68CF /* Menu.swift */; };
/* End PBXBuildFile section */

/* Begin PBXFileReference section */
		B4F76BBD266F7A4200F6FAD9 /* FlowchartReader.app */ = {isa = PBXFileReference; explicitFileType = wrapper.application; includeInIndex = 0; path = FlowchartReader.app; sourceTree = BUILT_PRODUCTS_DIR; };
		B4F76BC0266F7A4300F6FAD9 /* AppDelegate.swift */ = {isa = PBXFileReference; lastKnownFileType = sourcecode.swift; path = AppDelegate.swift; sourceTree = "<group>"; };
		B4F76BC2266F7A4300F6FAD9 /* SceneDelegate.swift */ = {isa = PBXFileReference; lastKnownFileType = sourcecode.swift; path = SceneDelegate.swift; sourceTree = "<group>"; };
		B4F76BC4266F7A4300F6FAD9 /* MainViewController.swift */ = {isa = PBXFileReference; lastKnownFileType = sourcecode.swift; path = MainViewController.swift; sourceTree = "<group>"; };
		B4F76BC7266F7A4300F6FAD9 /* Base */ = {isa = PBXFileReference; lastKnownFileType = file.storyboard; name = Base; path = Base.lproj/Main.storyboard; sourceTree = "<group>"; };
		B4F76BCA266F7A4300F6FAD9 /* FlowchartReader.xcdatamodel */ = {isa = PBXFileReference; lastKnownFileType = wrapper.xcdatamodel; path = FlowchartReader.xcdatamodel; sourceTree = "<group>"; };
		B4F76BCC266F7A4600F6FAD9 /* Assets.xcassets */ = {isa = PBXFileReference; lastKnownFileType = folder.assetcatalog; path = Assets.xcassets; sourceTree = "<group>"; };
		B4F76BCF266F7A4600F6FAD9 /* Base */ = {isa = PBXFileReference; lastKnownFileType = file.storyboard; name = Base; path = Base.lproj/LaunchScreen.storyboard; sourceTree = "<group>"; };
		B4F76BD1266F7A4600F6FAD9 /* Info.plist */ = {isa = PBXFileReference; lastKnownFileType = text.plist.xml; path = Info.plist; sourceTree = "<group>"; };
		C01E8CFD26718AD70054AA28 /* MenuListStaticSeeder.swift */ = {isa = PBXFileReference; lastKnownFileType = sourcecode.swift; path = MenuListStaticSeeder.swift; sourceTree = "<group>"; };
		C01E8CFF26720BC50054AA28 /* MainMenuTableView.swift */ = {isa = PBXFileReference; lastKnownFileType = sourcecode.swift; path = MainMenuTableView.swift; sourceTree = "<group>"; };
		C07E4B5026707A68008E68CF /* FlowchartRepository.swift */ = {isa = PBXFileReference; lastKnownFileType = sourcecode.swift; path = FlowchartRepository.swift; sourceTree = "<group>"; };
		C07E4B5826708369008E68CF /* MainMenuTableViewCell.swift */ = {isa = PBXFileReference; lastKnownFileType = sourcecode.swift; path = MainMenuTableViewCell.swift; sourceTree = "<group>"; };
		C07E4B5926708369008E68CF /* MainMenuTableViewCell.xib */ = {isa = PBXFileReference; lastKnownFileType = file.xib; path = MainMenuTableViewCell.xib; sourceTree = "<group>"; };
		C07E4B6126708F3B008E68CF /* Menu.swift */ = {isa = PBXFileReference; lastKnownFileType = sourcecode.swift; path = Menu.swift; sourceTree = "<group>"; };
/* End PBXFileReference section */

/* Begin PBXFrameworksBuildPhase section */
		B4F76BBA266F7A4200F6FAD9 /* Frameworks */ = {
			isa = PBXFrameworksBuildPhase;
			buildActionMask = 2147483647;
			files = (
			);
			runOnlyForDeploymentPostprocessing = 0;
		};
/* End PBXFrameworksBuildPhase section */

/* Begin PBXGroup section */
		B4F76BB4266F7A4200F6FAD9 = {
			isa = PBXGroup;
			children = (
				B4F76BBF266F7A4300F6FAD9 /* FlowchartReader */,
				B4F76BBE266F7A4200F6FAD9 /* Products */,
			);
			sourceTree = "<group>";
		};
		B4F76BBE266F7A4200F6FAD9 /* Products */ = {
			isa = PBXGroup;
			children = (
				B4F76BBD266F7A4200F6FAD9 /* FlowchartReader.app */,
			);
			name = Products;
			sourceTree = "<group>";
		};
		B4F76BBF266F7A4300F6FAD9 /* FlowchartReader */ = {
			isa = PBXGroup;
			children = (
				C07E4B43267078FE008E68CF /* Feature */,
				C07E4B462670792B008E68CF /* Helper */,
				C07E4B452670791F008E68CF /* Utilities */,
				C07E4B4426707919008E68CF /* Themes */,
				B4F76BC0266F7A4300F6FAD9 /* AppDelegate.swift */,
				B4F76BC2266F7A4300F6FAD9 /* SceneDelegate.swift */,
				B4F76BC6266F7A4300F6FAD9 /* Main.storyboard */,
				B4F76BC4266F7A4300F6FAD9 /* MainViewController.swift */,
				C01E8CFF26720BC50054AA28 /* MainMenuTableView.swift */,
				C07E4B6126708F3B008E68CF /* Menu.swift */,
				C01E8CFD26718AD70054AA28 /* MenuListStaticSeeder.swift */,
				C07E4B5826708369008E68CF /* MainMenuTableViewCell.swift */,
				C07E4B5926708369008E68CF /* MainMenuTableViewCell.xib */,
				B4F76BCC266F7A4600F6FAD9 /* Assets.xcassets */,
				B4F76BCE266F7A4600F6FAD9 /* LaunchScreen.storyboard */,
				B4F76BD1266F7A4600F6FAD9 /* Info.plist */,
				B4F76BC9266F7A4300F6FAD9 /* FlowchartReader.xcdatamodeld */,
			);
			path = FlowchartReader;
			sourceTree = "<group>";
		};
		C07E4B43267078FE008E68CF /* Feature */ = {
			isa = PBXGroup;
			children = (
				C07E4B5C26708DB5008E68CF /* Main */,
				C07E4B5526707BE1008E68CF /* Guidance */,
				C07E4B5226707BAA008E68CF /* FlowchartReader */,
				C07E4B4C267079E9008E68CF /* FlowchartPresentation */,
			);
			path = Feature;
			sourceTree = "<group>";
		};
		C07E4B4426707919008E68CF /* Themes */ = {
			isa = PBXGroup;
			children = (
				C07E4B4726707941008E68CF /* Colors */,
				C07E4B492670796C008E68CF /* UI */,
				C07E4B4826707963008E68CF /* Font */,
			);
			path = Themes;
			sourceTree = "<group>";
		};
		C07E4B452670791F008E68CF /* Utilities */ = {
			isa = PBXGroup;
			children = (
				C07E4B4A26707995008E68CF /* CoreData */,
			);
			path = Utilities;
			sourceTree = "<group>";
		};
		C07E4B462670792B008E68CF /* Helper */ = {
			isa = PBXGroup;
			children = (
			);
			path = Helper;
			sourceTree = "<group>";
		};
		C07E4B4726707941008E68CF /* Colors */ = {
			isa = PBXGroup;
			children = (
			);
			path = Colors;
			sourceTree = "<group>";
		};
		C07E4B4826707963008E68CF /* Font */ = {
			isa = PBXGroup;
			children = (
			);
			path = Font;
			sourceTree = "<group>";
		};
		C07E4B492670796C008E68CF /* UI */ = {
			isa = PBXGroup;
			children = (
			);
			path = UI;
			sourceTree = "<group>";
		};
		C07E4B4A26707995008E68CF /* CoreData */ = {
			isa = PBXGroup;
			children = (
				C07E4B4B267079A1008E68CF /* Model */,
			);
			path = CoreData;
			sourceTree = "<group>";
		};
		C07E4B4B267079A1008E68CF /* Model */ = {
			isa = PBXGroup;
			children = (
			);
			path = Model;
			sourceTree = "<group>";
		};
		C07E4B4C267079E9008E68CF /* FlowchartPresentation */ = {
			isa = PBXGroup;
			children = (
				C07E4B4E26707A22008E68CF /* Pages */,
				C07E4B4D26707A18008E68CF /* Model */,
				C07E4B5026707A68008E68CF /* FlowchartRepository.swift */,
			);
			path = FlowchartPresentation;
			sourceTree = "<group>";
		};
		C07E4B4D26707A18008E68CF /* Model */ = {
			isa = PBXGroup;
			children = (
				C07E4B4F26707A2B008E68CF /* DataStore */,
			);
			path = Model;
			sourceTree = "<group>";
		};
		C07E4B4E26707A22008E68CF /* Pages */ = {
			isa = PBXGroup;
			children = (
			);
			path = Pages;
			sourceTree = "<group>";
		};
		C07E4B4F26707A2B008E68CF /* DataStore */ = {
			isa = PBXGroup;
			children = (
			);
			path = DataStore;
			sourceTree = "<group>";
		};
		C07E4B5226707BAA008E68CF /* FlowchartReader */ = {
			isa = PBXGroup;
			children = (
				C07E4B5326707BBB008E68CF /* Pages */,
				C07E4B5426707BC4008E68CF /* Model */,
			);
			path = FlowchartReader;
			sourceTree = "<group>";
		};
		C07E4B5326707BBB008E68CF /* Pages */ = {
			isa = PBXGroup;
			children = (
			);
			path = Pages;
			sourceTree = "<group>";
		};
		C07E4B5426707BC4008E68CF /* Model */ = {
			isa = PBXGroup;
			children = (
			);
			path = Model;
			sourceTree = "<group>";
		};
		C07E4B5526707BE1008E68CF /* Guidance */ = {
			isa = PBXGroup;
			children = (
				C07E4B5626707BF8008E68CF /* Pages */,
				C07E4B5726707BFF008E68CF /* Model */,
			);
			path = Guidance;
			sourceTree = "<group>";
		};
		C07E4B5626707BF8008E68CF /* Pages */ = {
			isa = PBXGroup;
			children = (
			);
			path = Pages;
			sourceTree = "<group>";
		};
		C07E4B5726707BFF008E68CF /* Model */ = {
			isa = PBXGroup;
			children = (
			);
			path = Model;
			sourceTree = "<group>";
		};
		C07E4B5C26708DB5008E68CF /* Main */ = {
			isa = PBXGroup;
			children = (
				C07E4B5D26708DBB008E68CF /* Pages */,
				C07E4B5E26708DC2008E68CF /* Model */,
			);
			path = Main;
			sourceTree = "<group>";
		};
		C07E4B5D26708DBB008E68CF /* Pages */ = {
			isa = PBXGroup;
			children = (
			);
			path = Pages;
			sourceTree = "<group>";
		};
		C07E4B5E26708DC2008E68CF /* Model */ = {
			isa = PBXGroup;
			children = (
				C07E4B6026708DFF008E68CF /* DataStores */,
			);
			path = Model;
			sourceTree = "<group>";
		};
		C07E4B6026708DFF008E68CF /* DataStores */ = {
			isa = PBXGroup;
			children = (
			);
			path = DataStores;
			sourceTree = "<group>";
		};
/* End PBXGroup section */

/* Begin PBXNativeTarget section */
		B4F76BBC266F7A4200F6FAD9 /* FlowchartReader */ = {
			isa = PBXNativeTarget;
			buildConfigurationList = B4F76BD4266F7A4600F6FAD9 /* Build configuration list for PBXNativeTarget "FlowchartReader" */;
			buildPhases = (
				B4F76BB9266F7A4200F6FAD9 /* Sources */,
				B4F76BBA266F7A4200F6FAD9 /* Frameworks */,
				B4F76BBB266F7A4200F6FAD9 /* Resources */,
			);
			buildRules = (
			);
			dependencies = (
			);
			name = FlowchartReader;
			productName = FlowchartReader;
			productReference = B4F76BBD266F7A4200F6FAD9 /* FlowchartReader.app */;
			productType = "com.apple.product-type.application";
		};
/* End PBXNativeTarget section */

/* Begin PBXProject section */
		B4F76BB5266F7A4200F6FAD9 /* Project object */ = {
			isa = PBXProject;
			attributes = {
				LastSwiftUpdateCheck = 1240;
				LastUpgradeCheck = 1240;
				TargetAttributes = {
					B4F76BBC266F7A4200F6FAD9 = {
						CreatedOnToolsVersion = 12.4;
					};
				};
			};
			buildConfigurationList = B4F76BB8266F7A4200F6FAD9 /* Build configuration list for PBXProject "FlowchartReader" */;
			compatibilityVersion = "Xcode 9.3";
			developmentRegion = en;
			hasScannedForEncodings = 0;
			knownRegions = (
				en,
				Base,
			);
			mainGroup = B4F76BB4266F7A4200F6FAD9;
			productRefGroup = B4F76BBE266F7A4200F6FAD9 /* Products */;
			projectDirPath = "";
			projectRoot = "";
			targets = (
				B4F76BBC266F7A4200F6FAD9 /* FlowchartReader */,
			);
		};
/* End PBXProject section */

/* Begin PBXResourcesBuildPhase section */
		B4F76BBB266F7A4200F6FAD9 /* Resources */ = {
			isa = PBXResourcesBuildPhase;
			buildActionMask = 2147483647;
			files = (
				B4F76BD0266F7A4600F6FAD9 /* LaunchScreen.storyboard in Resources */,
				B4F76BCD266F7A4600F6FAD9 /* Assets.xcassets in Resources */,
				B4F76BC8266F7A4300F6FAD9 /* Main.storyboard in Resources */,
				C07E4B5B26708369008E68CF /* MainMenuTableViewCell.xib in Resources */,
			);
			runOnlyForDeploymentPostprocessing = 0;
		};
/* End PBXResourcesBuildPhase section */

/* Begin PBXSourcesBuildPhase section */
		B4F76BB9266F7A4200F6FAD9 /* Sources */ = {
			isa = PBXSourcesBuildPhase;
			buildActionMask = 2147483647;
			files = (
				C07E4B5126707A68008E68CF /* FlowchartRepository.swift in Sources */,
				B4F76BC5266F7A4300F6FAD9 /* MainViewController.swift in Sources */,
				C07E4B6226708F3B008E68CF /* Menu.swift in Sources */,
				B4F76BCB266F7A4300F6FAD9 /* FlowchartReader.xcdatamodeld in Sources */,
				B4F76BC1266F7A4300F6FAD9 /* AppDelegate.swift in Sources */,
				B4F76BC3266F7A4300F6FAD9 /* SceneDelegate.swift in Sources */,
				C01E8D0026720BC50054AA28 /* MainMenuTableView.swift in Sources */,
				C07E4B5A26708369008E68CF /* MainMenuTableViewCell.swift in Sources */,
				C01E8CFE26718AD70054AA28 /* MenuListStaticSeeder.swift in Sources */,
			);
			runOnlyForDeploymentPostprocessing = 0;
		};
/* End PBXSourcesBuildPhase section */

/* Begin PBXVariantGroup section */
		B4F76BC6266F7A4300F6FAD9 /* Main.storyboard */ = {
			isa = PBXVariantGroup;
			children = (
				B4F76BC7266F7A4300F6FAD9 /* Base */,
			);
			name = Main.storyboard;
			sourceTree = "<group>";
		};
		B4F76BCE266F7A4600F6FAD9 /* LaunchScreen.storyboard */ = {
			isa = PBXVariantGroup;
			children = (
				B4F76BCF266F7A4600F6FAD9 /* Base */,
			);
			name = LaunchScreen.storyboard;
			sourceTree = "<group>";
		};
/* End PBXVariantGroup section */

/* Begin XCBuildConfiguration section */
		B4F76BD2266F7A4600F6FAD9 /* Debug */ = {
			isa = XCBuildConfiguration;
			buildSettings = {
				ALWAYS_SEARCH_USER_PATHS = NO;
				CLANG_ANALYZER_NONNULL = YES;
				CLANG_ANALYZER_NUMBER_OBJECT_CONVERSION = YES_AGGRESSIVE;
				CLANG_CXX_LANGUAGE_STANDARD = "gnu++14";
				CLANG_CXX_LIBRARY = "libc++";
				CLANG_ENABLE_MODULES = YES;
				CLANG_ENABLE_OBJC_ARC = YES;
				CLANG_ENABLE_OBJC_WEAK = YES;
				CLANG_WARN_BLOCK_CAPTURE_AUTORELEASING = YES;
				CLANG_WARN_BOOL_CONVERSION = YES;
				CLANG_WARN_COMMA = YES;
				CLANG_WARN_CONSTANT_CONVERSION = YES;
				CLANG_WARN_DEPRECATED_OBJC_IMPLEMENTATIONS = YES;
				CLANG_WARN_DIRECT_OBJC_ISA_USAGE = YES_ERROR;
				CLANG_WARN_DOCUMENTATION_COMMENTS = YES;
				CLANG_WARN_EMPTY_BODY = YES;
				CLANG_WARN_ENUM_CONVERSION = YES;
				CLANG_WARN_INFINITE_RECURSION = YES;
				CLANG_WARN_INT_CONVERSION = YES;
				CLANG_WARN_NON_LITERAL_NULL_CONVERSION = YES;
				CLANG_WARN_OBJC_IMPLICIT_RETAIN_SELF = YES;
				CLANG_WARN_OBJC_LITERAL_CONVERSION = YES;
				CLANG_WARN_OBJC_ROOT_CLASS = YES_ERROR;
				CLANG_WARN_QUOTED_INCLUDE_IN_FRAMEWORK_HEADER = YES;
				CLANG_WARN_RANGE_LOOP_ANALYSIS = YES;
				CLANG_WARN_STRICT_PROTOTYPES = YES;
				CLANG_WARN_SUSPICIOUS_MOVE = YES;
				CLANG_WARN_UNGUARDED_AVAILABILITY = YES_AGGRESSIVE;
				CLANG_WARN_UNREACHABLE_CODE = YES;
				CLANG_WARN__DUPLICATE_METHOD_MATCH = YES;
				COPY_PHASE_STRIP = NO;
				DEBUG_INFORMATION_FORMAT = dwarf;
				ENABLE_STRICT_OBJC_MSGSEND = YES;
				ENABLE_TESTABILITY = YES;
				GCC_C_LANGUAGE_STANDARD = gnu11;
				GCC_DYNAMIC_NO_PIC = NO;
				GCC_NO_COMMON_BLOCKS = YES;
				GCC_OPTIMIZATION_LEVEL = 0;
				GCC_PREPROCESSOR_DEFINITIONS = (
					"DEBUG=1",
					"$(inherited)",
				);
				GCC_WARN_64_TO_32_BIT_CONVERSION = YES;
				GCC_WARN_ABOUT_RETURN_TYPE = YES_ERROR;
				GCC_WARN_UNDECLARED_SELECTOR = YES;
				GCC_WARN_UNINITIALIZED_AUTOS = YES_AGGRESSIVE;
				GCC_WARN_UNUSED_FUNCTION = YES;
				GCC_WARN_UNUSED_VARIABLE = YES;
				IPHONEOS_DEPLOYMENT_TARGET = 14.4;
				MTL_ENABLE_DEBUG_INFO = INCLUDE_SOURCE;
				MTL_FAST_MATH = YES;
				ONLY_ACTIVE_ARCH = YES;
				SDKROOT = iphoneos;
				SWIFT_ACTIVE_COMPILATION_CONDITIONS = DEBUG;
				SWIFT_OPTIMIZATION_LEVEL = "-Onone";
			};
			name = Debug;
		};
		B4F76BD3266F7A4600F6FAD9 /* Release */ = {
			isa = XCBuildConfiguration;
			buildSettings = {
				ALWAYS_SEARCH_USER_PATHS = NO;
				CLANG_ANALYZER_NONNULL = YES;
				CLANG_ANALYZER_NUMBER_OBJECT_CONVERSION = YES_AGGRESSIVE;
				CLANG_CXX_LANGUAGE_STANDARD = "gnu++14";
				CLANG_CXX_LIBRARY = "libc++";
				CLANG_ENABLE_MODULES = YES;
				CLANG_ENABLE_OBJC_ARC = YES;
				CLANG_ENABLE_OBJC_WEAK = YES;
				CLANG_WARN_BLOCK_CAPTURE_AUTORELEASING = YES;
				CLANG_WARN_BOOL_CONVERSION = YES;
				CLANG_WARN_COMMA = YES;
				CLANG_WARN_CONSTANT_CONVERSION = YES;
				CLANG_WARN_DEPRECATED_OBJC_IMPLEMENTATIONS = YES;
				CLANG_WARN_DIRECT_OBJC_ISA_USAGE = YES_ERROR;
				CLANG_WARN_DOCUMENTATION_COMMENTS = YES;
				CLANG_WARN_EMPTY_BODY = YES;
				CLANG_WARN_ENUM_CONVERSION = YES;
				CLANG_WARN_INFINITE_RECURSION = YES;
				CLANG_WARN_INT_CONVERSION = YES;
				CLANG_WARN_NON_LITERAL_NULL_CONVERSION = YES;
				CLANG_WARN_OBJC_IMPLICIT_RETAIN_SELF = YES;
				CLANG_WARN_OBJC_LITERAL_CONVERSION = YES;
				CLANG_WARN_OBJC_ROOT_CLASS = YES_ERROR;
				CLANG_WARN_QUOTED_INCLUDE_IN_FRAMEWORK_HEADER = YES;
				CLANG_WARN_RANGE_LOOP_ANALYSIS = YES;
				CLANG_WARN_STRICT_PROTOTYPES = YES;
				CLANG_WARN_SUSPICIOUS_MOVE = YES;
				CLANG_WARN_UNGUARDED_AVAILABILITY = YES_AGGRESSIVE;
				CLANG_WARN_UNREACHABLE_CODE = YES;
				CLANG_WARN__DUPLICATE_METHOD_MATCH = YES;
				COPY_PHASE_STRIP = NO;
				DEBUG_INFORMATION_FORMAT = "dwarf-with-dsym";
				ENABLE_NS_ASSERTIONS = NO;
				ENABLE_STRICT_OBJC_MSGSEND = YES;
				GCC_C_LANGUAGE_STANDARD = gnu11;
				GCC_NO_COMMON_BLOCKS = YES;
				GCC_WARN_64_TO_32_BIT_CONVERSION = YES;
				GCC_WARN_ABOUT_RETURN_TYPE = YES_ERROR;
				GCC_WARN_UNDECLARED_SELECTOR = YES;
				GCC_WARN_UNINITIALIZED_AUTOS = YES_AGGRESSIVE;
				GCC_WARN_UNUSED_FUNCTION = YES;
				GCC_WARN_UNUSED_VARIABLE = YES;
				IPHONEOS_DEPLOYMENT_TARGET = 14.4;
				MTL_ENABLE_DEBUG_INFO = NO;
				MTL_FAST_MATH = YES;
				SDKROOT = iphoneos;
				SWIFT_COMPILATION_MODE = wholemodule;
				SWIFT_OPTIMIZATION_LEVEL = "-O";
				VALIDATE_PRODUCT = YES;
			};
			name = Release;
		};
		B4F76BD5266F7A4600F6FAD9 /* Debug */ = {
			isa = XCBuildConfiguration;
			buildSettings = {
				ASSETCATALOG_COMPILER_APPICON_NAME = AppIcon;
				ASSETCATALOG_COMPILER_GLOBAL_ACCENT_COLOR_NAME = AccentColor;
				CODE_SIGN_STYLE = Automatic;
				DEVELOPMENT_TEAM = 95KTG3M5L3;
				INFOPLIST_FILE = FlowchartReader/Info.plist;
				LD_RUNPATH_SEARCH_PATHS = (
					"$(inherited)",
					"@executable_path/Frameworks",
				);
				PRODUCT_BUNDLE_IDENTIFIER = "Apple-Developer.FlowchartReader";
				PRODUCT_NAME = "$(TARGET_NAME)";
				SWIFT_VERSION = 5.0;
				TARGETED_DEVICE_FAMILY = "1,2";
			};
			name = Debug;
		};
		B4F76BD6266F7A4600F6FAD9 /* Release */ = {
			isa = XCBuildConfiguration;
			buildSettings = {
				ASSETCATALOG_COMPILER_APPICON_NAME = AppIcon;
				ASSETCATALOG_COMPILER_GLOBAL_ACCENT_COLOR_NAME = AccentColor;
				CODE_SIGN_STYLE = Automatic;
				DEVELOPMENT_TEAM = 95KTG3M5L3;
				INFOPLIST_FILE = FlowchartReader/Info.plist;
				LD_RUNPATH_SEARCH_PATHS = (
					"$(inherited)",
					"@executable_path/Frameworks",
				);
				PRODUCT_BUNDLE_IDENTIFIER = "Apple-Developer.FlowchartReader";
				PRODUCT_NAME = "$(TARGET_NAME)";
				SWIFT_VERSION = 5.0;
				TARGETED_DEVICE_FAMILY = "1,2";
			};
			name = Release;
		};
/* End XCBuildConfiguration section */

/* Begin XCConfigurationList section */
		B4F76BB8266F7A4200F6FAD9 /* Build configuration list for PBXProject "FlowchartReader" */ = {
			isa = XCConfigurationList;
			buildConfigurations = (
				B4F76BD2266F7A4600F6FAD9 /* Debug */,
				B4F76BD3266F7A4600F6FAD9 /* Release */,
			);
			defaultConfigurationIsVisible = 0;
			defaultConfigurationName = Release;
		};
		B4F76BD4266F7A4600F6FAD9 /* Build configuration list for PBXNativeTarget "FlowchartReader" */ = {
			isa = XCConfigurationList;
			buildConfigurations = (
				B4F76BD5266F7A4600F6FAD9 /* Debug */,
				B4F76BD6266F7A4600F6FAD9 /* Release */,
			);
			defaultConfigurationIsVisible = 0;
			defaultConfigurationName = Release;
		};
/* End XCConfigurationList section */

/* Begin XCVersionGroup section */
		B4F76BC9266F7A4300F6FAD9 /* FlowchartReader.xcdatamodeld */ = {
			isa = XCVersionGroup;
			children = (
				B4F76BCA266F7A4300F6FAD9 /* FlowchartReader.xcdatamodel */,
			);
			currentVersion = B4F76BCA266F7A4300F6FAD9 /* FlowchartReader.xcdatamodel */;
			path = FlowchartReader.xcdatamodeld;
			sourceTree = "<group>";
			versionGroupType = wrapper.xcdatamodel;
		};
/* End XCVersionGroup section */
	};
	rootObject = B4F76BB5266F7A4200F6FAD9 /* Project object */;
}
