// !$*UTF8*$!
{
	archiveVersion = 1;
	classes = {
	};
	objectVersion = 50;
	objects = {

/* Begin PBXBuildFile section */
		031F0A4B267493CE00570B0B /* Projects.swift in Sources */ = {isa = PBXBuildFile; fileRef = 031F0A4A267493CE00570B0B /* Projects.swift */; };
		031F0A4D2674962700570B0B /* ListProjects.storyboard in Resources */ = {isa = PBXBuildFile; fileRef = 031F0A4C2674962700570B0B /* ListProjects.storyboard */; };
		031F0A51267496B700570B0B /* ListProjectsViewController.swift in Sources */ = {isa = PBXBuildFile; fileRef = 031F0A50267496B700570B0B /* ListProjectsViewController.swift */; };
		031F0A542674972F00570B0B /* ListProjectsView.swift in Sources */ = {isa = PBXBuildFile; fileRef = 031F0A532674972F00570B0B /* ListProjectsView.swift */; };
		031F0A5D2674A66900570B0B /* DetailFlowchart.storyboard in Resources */ = {isa = PBXBuildFile; fileRef = 031F0A5C2674A66900570B0B /* DetailFlowchart.storyboard */; };
		031F0A5F2674A67900570B0B /* DetailFlowchartView.swift in Sources */ = {isa = PBXBuildFile; fileRef = 031F0A5E2674A67900570B0B /* DetailFlowchartView.swift */; };
		031F0A612674A68900570B0B /* DetailFlowchartViewController.swift in Sources */ = {isa = PBXBuildFile; fileRef = 031F0A602674A68900570B0B /* DetailFlowchartViewController.swift */; };
		B4F76BC1266F7A4300F6FAD9 /* AppDelegate.swift in Sources */ = {isa = PBXBuildFile; fileRef = B4F76BC0266F7A4300F6FAD9 /* AppDelegate.swift */; };
		B4F76BC3266F7A4300F6FAD9 /* SceneDelegate.swift in Sources */ = {isa = PBXBuildFile; fileRef = B4F76BC2266F7A4300F6FAD9 /* SceneDelegate.swift */; };
		B4F76BC5266F7A4300F6FAD9 /* ViewController.swift in Sources */ = {isa = PBXBuildFile; fileRef = B4F76BC4266F7A4300F6FAD9 /* ViewController.swift */; };
		B4F76BC8266F7A4300F6FAD9 /* Main.storyboard in Resources */ = {isa = PBXBuildFile; fileRef = B4F76BC6266F7A4300F6FAD9 /* Main.storyboard */; };
		B4F76BCB266F7A4300F6FAD9 /* FlowchartReader.xcdatamodeld in Sources */ = {isa = PBXBuildFile; fileRef = B4F76BC9266F7A4300F6FAD9 /* FlowchartReader.xcdatamodeld */; };
		B4F76BCD266F7A4600F6FAD9 /* Assets.xcassets in Resources */ = {isa = PBXBuildFile; fileRef = B4F76BCC266F7A4600F6FAD9 /* Assets.xcassets */; };
		B4F76BD0266F7A4600F6FAD9 /* LaunchScreen.storyboard in Resources */ = {isa = PBXBuildFile; fileRef = B4F76BCE266F7A4600F6FAD9 /* LaunchScreen.storyboard */; };
		B4F76C1126709E2200F6FAD9 /* FlowchartReader.storyboard in Resources */ = {isa = PBXBuildFile; fileRef = B4F76C1026709E2200F6FAD9 /* FlowchartReader.storyboard */; };
		B4F76C502670A56E00F6FAD9 /* Guidance.storyboard in Resources */ = {isa = PBXBuildFile; fileRef = B4F76C4F2670A56E00F6FAD9 /* Guidance.storyboard */; };
		B4F76C532670A58800F6FAD9 /* GuidanceViewController.swift in Sources */ = {isa = PBXBuildFile; fileRef = B4F76C522670A58800F6FAD9 /* GuidanceViewController.swift */; };
		B4F76C592670A62D00F6FAD9 /* MainMenu.storyboard in Resources */ = {isa = PBXBuildFile; fileRef = B4F76C582670A62D00F6FAD9 /* MainMenu.storyboard */; };
		B4F76C5C2670A64B00F6FAD9 /* MainMenuViewController.swift in Sources */ = {isa = PBXBuildFile; fileRef = B4F76C5B2670A64B00F6FAD9 /* MainMenuViewController.swift */; };
/* End PBXBuildFile section */

/* Begin PBXFileReference section */
		031F0A4A267493CE00570B0B /* Projects.swift */ = {isa = PBXFileReference; lastKnownFileType = sourcecode.swift; path = Projects.swift; sourceTree = "<group>"; };
		031F0A4C2674962700570B0B /* ListProjects.storyboard */ = {isa = PBXFileReference; lastKnownFileType = file.storyboard; path = ListProjects.storyboard; sourceTree = "<group>"; };
		031F0A50267496B700570B0B /* ListProjectsViewController.swift */ = {isa = PBXFileReference; lastKnownFileType = sourcecode.swift; path = ListProjectsViewController.swift; sourceTree = "<group>"; };
		031F0A532674972F00570B0B /* ListProjectsView.swift */ = {isa = PBXFileReference; lastKnownFileType = sourcecode.swift; path = ListProjectsView.swift; sourceTree = "<group>"; };
		031F0A5C2674A66900570B0B /* DetailFlowchart.storyboard */ = {isa = PBXFileReference; lastKnownFileType = file.storyboard; path = DetailFlowchart.storyboard; sourceTree = "<group>"; };
		031F0A5E2674A67900570B0B /* DetailFlowchartView.swift */ = {isa = PBXFileReference; lastKnownFileType = sourcecode.swift; path = DetailFlowchartView.swift; sourceTree = "<group>"; };
		031F0A602674A68900570B0B /* DetailFlowchartViewController.swift */ = {isa = PBXFileReference; lastKnownFileType = sourcecode.swift; path = DetailFlowchartViewController.swift; sourceTree = "<group>"; };
		B4F76BBD266F7A4200F6FAD9 /* FlowchartReader.app */ = {isa = PBXFileReference; explicitFileType = wrapper.application; includeInIndex = 0; path = FlowchartReader.app; sourceTree = BUILT_PRODUCTS_DIR; };
		B4F76BC0266F7A4300F6FAD9 /* AppDelegate.swift */ = {isa = PBXFileReference; lastKnownFileType = sourcecode.swift; path = AppDelegate.swift; sourceTree = "<group>"; };
		B4F76BC2266F7A4300F6FAD9 /* SceneDelegate.swift */ = {isa = PBXFileReference; lastKnownFileType = sourcecode.swift; path = SceneDelegate.swift; sourceTree = "<group>"; };
		B4F76BC4266F7A4300F6FAD9 /* ViewController.swift */ = {isa = PBXFileReference; lastKnownFileType = sourcecode.swift; path = ViewController.swift; sourceTree = "<group>"; };
		B4F76BC7266F7A4300F6FAD9 /* Base */ = {isa = PBXFileReference; lastKnownFileType = file.storyboard; name = Base; path = Base.lproj/Main.storyboard; sourceTree = "<group>"; };
		B4F76BCA266F7A4300F6FAD9 /* FlowchartReader.xcdatamodel */ = {isa = PBXFileReference; lastKnownFileType = wrapper.xcdatamodel; path = FlowchartReader.xcdatamodel; sourceTree = "<group>"; };
		B4F76BCC266F7A4600F6FAD9 /* Assets.xcassets */ = {isa = PBXFileReference; lastKnownFileType = folder.assetcatalog; path = Assets.xcassets; sourceTree = "<group>"; };
		B4F76BCF266F7A4600F6FAD9 /* Base */ = {isa = PBXFileReference; lastKnownFileType = file.storyboard; name = Base; path = Base.lproj/LaunchScreen.storyboard; sourceTree = "<group>"; };
		B4F76BD1266F7A4600F6FAD9 /* Info.plist */ = {isa = PBXFileReference; lastKnownFileType = text.plist.xml; path = Info.plist; sourceTree = "<group>"; };
		B4F76C1026709E2200F6FAD9 /* FlowchartReader.storyboard */ = {isa = PBXFileReference; lastKnownFileType = file.storyboard; path = FlowchartReader.storyboard; sourceTree = "<group>"; };
		B4F76C4F2670A56E00F6FAD9 /* Guidance.storyboard */ = {isa = PBXFileReference; lastKnownFileType = file.storyboard; path = Guidance.storyboard; sourceTree = "<group>"; };
		B4F76C522670A58800F6FAD9 /* GuidanceViewController.swift */ = {isa = PBXFileReference; lastKnownFileType = sourcecode.swift; path = GuidanceViewController.swift; sourceTree = "<group>"; };
		B4F76C582670A62D00F6FAD9 /* MainMenu.storyboard */ = {isa = PBXFileReference; lastKnownFileType = file.storyboard; path = MainMenu.storyboard; sourceTree = "<group>"; };
		B4F76C5B2670A64B00F6FAD9 /* MainMenuViewController.swift */ = {isa = PBXFileReference; lastKnownFileType = sourcecode.swift; path = MainMenuViewController.swift; sourceTree = "<group>"; };
/* End PBXFileReference section */

/* Begin PBXFrameworksBuildPhase section */
		B4F76BBA266F7A4200F6FAD9 /* Frameworks */ = {
			isa = PBXFrameworksBuildPhase;
			buildActionMask = 2147483647;
			files = (
			);
			runOnlyForDeploymentPostprocessing = 0;
		};
/* End PBXFrameworksBuildPhase section */

/* Begin PBXGroup section */
		031F0A452674935900570B0B /* SaveFlowchart */ = {
			isa = PBXGroup;
			children = (
				031F0A572674A60300570B0B /* DetailFlowchart */,
				031F0A52267496C600570B0B /* ListProjects */,
			);
			path = SaveFlowchart;
			sourceTree = "<group>";
		};
		031F0A462674936F00570B0B /* Pages */ = {
			isa = PBXGroup;
			children = (
				031F0A492674938E00570B0B /* Controller */,
				031F0A482674938B00570B0B /* View */,
			);
			path = Pages;
			sourceTree = "<group>";
		};
		031F0A472674937500570B0B /* Model */ = {
			isa = PBXGroup;
			children = (
				031F0A4A267493CE00570B0B /* Projects.swift */,
			);
			path = Model;
			sourceTree = "<group>";
		};
		031F0A482674938B00570B0B /* View */ = {
			isa = PBXGroup;
			children = (
				031F0A4C2674962700570B0B /* ListProjects.storyboard */,
				031F0A532674972F00570B0B /* ListProjectsView.swift */,
			);
			path = View;
			sourceTree = "<group>";
		};
		031F0A492674938E00570B0B /* Controller */ = {
			isa = PBXGroup;
			children = (
				031F0A50267496B700570B0B /* ListProjectsViewController.swift */,
			);
			path = Controller;
			sourceTree = "<group>";
		};
		031F0A52267496C600570B0B /* ListProjects */ = {
			isa = PBXGroup;
			children = (
				031F0A472674937500570B0B /* Model */,
				031F0A462674936F00570B0B /* Pages */,
			);
			path = ListProjects;
			sourceTree = "<group>";
		};
		031F0A572674A60300570B0B /* DetailFlowchart */ = {
			isa = PBXGroup;
			children = (
				031F0A582674A62F00570B0B /* Pages */,
			);
			path = DetailFlowchart;
			sourceTree = "<group>";
		};
		031F0A582674A62F00570B0B /* Pages */ = {
			isa = PBXGroup;
			children = (
				031F0A5B2674A64F00570B0B /* Controller */,
				031F0A5A2674A64B00570B0B /* View */,
			);
			path = Pages;
			sourceTree = "<group>";
		};
		031F0A5A2674A64B00570B0B /* View */ = {
			isa = PBXGroup;
			children = (
				031F0A5C2674A66900570B0B /* DetailFlowchart.storyboard */,
				031F0A5E2674A67900570B0B /* DetailFlowchartView.swift */,
			);
			path = View;
			sourceTree = "<group>";
		};
		031F0A5B2674A64F00570B0B /* Controller */ = {
			isa = PBXGroup;
			children = (
				031F0A602674A68900570B0B /* DetailFlowchartViewController.swift */,
			);
			path = Controller;
			sourceTree = "<group>";
		};
		B4F76BB4266F7A4200F6FAD9 = {
			isa = PBXGroup;
			children = (
				B4F76BBF266F7A4300F6FAD9 /* FlowchartReader */,
				B4F76BBE266F7A4200F6FAD9 /* Products */,
			);
			sourceTree = "<group>";
		};
		B4F76BBE266F7A4200F6FAD9 /* Products */ = {
			isa = PBXGroup;
			children = (
				B4F76BBD266F7A4200F6FAD9 /* FlowchartReader.app */,
			);
			name = Products;
			sourceTree = "<group>";
		};
		B4F76BBF266F7A4300F6FAD9 /* FlowchartReader */ = {
			isa = PBXGroup;
			children = (
				B4F76BFB26709CB800F6FAD9 /* Features */,
				B4F76BF426709C4300F6FAD9 /* Helper */,
				B4F76BDF26709A5700F6FAD9 /* Themes */,
				B4F76BDC267099C200F6FAD9 /* Utilities */,
				B4F76BC0266F7A4300F6FAD9 /* AppDelegate.swift */,
				B4F76BC2266F7A4300F6FAD9 /* SceneDelegate.swift */,
				B4F76BC4266F7A4300F6FAD9 /* ViewController.swift */,
				B4F76BC6266F7A4300F6FAD9 /* Main.storyboard */,
				B4F76BCC266F7A4600F6FAD9 /* Assets.xcassets */,
				B4F76BCE266F7A4600F6FAD9 /* LaunchScreen.storyboard */,
				B4F76BD1266F7A4600F6FAD9 /* Info.plist */,
			);
			path = FlowchartReader;
			sourceTree = "<group>";
		};
		B4F76BDC267099C200F6FAD9 /* Utilities */ = {
			isa = PBXGroup;
			children = (
				B4F76BDD267099D300F6FAD9 /* Core Data */,
			);
			path = Utilities;
			sourceTree = "<group>";
		};
		B4F76BDD267099D300F6FAD9 /* Core Data */ = {
			isa = PBXGroup;
			children = (
				B4F76BDE267099ED00F6FAD9 /* Model */,
			);
			path = "Core Data";
			sourceTree = "<group>";
		};
		B4F76BDE267099ED00F6FAD9 /* Model */ = {
			isa = PBXGroup;
			children = (
				B4F76BC9266F7A4300F6FAD9 /* FlowchartReader.xcdatamodeld */,
			);
			path = Model;
			sourceTree = "<group>";
		};
		B4F76BDF26709A5700F6FAD9 /* Themes */ = {
			isa = PBXGroup;
			children = (
				B4F76BE226709A6D00F6FAD9 /* Colors */,
				B4F76BE126709A6500F6FAD9 /* Fonts */,
				B4F76BE026709A5F00F6FAD9 /* UI */,
			);
			path = Themes;
			sourceTree = "<group>";
		};
		B4F76BE026709A5F00F6FAD9 /* UI */ = {
			isa = PBXGroup;
			children = (
			);
			path = UI;
			sourceTree = "<group>";
		};
		B4F76BE126709A6500F6FAD9 /* Fonts */ = {
			isa = PBXGroup;
			children = (
			);
			path = Fonts;
			sourceTree = "<group>";
		};
		B4F76BE226709A6D00F6FAD9 /* Colors */ = {
			isa = PBXGroup;
			children = (
			);
			path = Colors;
			sourceTree = "<group>";
		};
		B4F76BF426709C4300F6FAD9 /* Helper */ = {
			isa = PBXGroup;
			children = (
			);
			path = Helper;
			sourceTree = "<group>";
		};
		B4F76BFB26709CB800F6FAD9 /* Features */ = {
			isa = PBXGroup;
			children = (
				031F0A452674935900570B0B /* SaveFlowchart */,
				B4F76C1A26709F5300F6FAD9 /* Guidance */,
				B4F76C1326709EAC00F6FAD9 /* Main Menu */,
				B4F76C0126709D2400F6FAD9 /* Flowchart Reader */,
			);
			path = Features;
			sourceTree = "<group>";
		};
		B4F76C0026709D1800F6FAD9 /* Pages */ = {
			isa = PBXGroup;
			children = (
				B4F76C0B26709DD200F6FAD9 /* Controller */,
				B4F76C0226709D5D00F6FAD9 /* View */,
			);
			path = Pages;
			sourceTree = "<group>";
		};
		B4F76C0126709D2400F6FAD9 /* Flowchart Reader */ = {
			isa = PBXGroup;
			children = (
				B4F76C0026709D1800F6FAD9 /* Pages */,
			);
			path = "Flowchart Reader";
			sourceTree = "<group>";
		};
		B4F76C0226709D5D00F6FAD9 /* View */ = {
			isa = PBXGroup;
			children = (
				B4F76C1026709E2200F6FAD9 /* FlowchartReader.storyboard */,
			);
			path = View;
			sourceTree = "<group>";
		};
		B4F76C0B26709DD200F6FAD9 /* Controller */ = {
			isa = PBXGroup;
			children = (
			);
			path = Controller;
			sourceTree = "<group>";
		};
		B4F76C1326709EAC00F6FAD9 /* Main Menu */ = {
			isa = PBXGroup;
			children = (
				B4F76C1626709ED500F6FAD9 /* Model */,
				B4F76C1426709EC500F6FAD9 /* Pages */,
			);
			path = "Main Menu";
			sourceTree = "<group>";
		};
		B4F76C1426709EC500F6FAD9 /* Pages */ = {
			isa = PBXGroup;
			children = (
				B4F76C1726709EDD00F6FAD9 /* Controller */,
				B4F76C1526709ECB00F6FAD9 /* View */,
			);
			path = Pages;
			sourceTree = "<group>";
		};
		B4F76C1526709ECB00F6FAD9 /* View */ = {
			isa = PBXGroup;
			children = (
				B4F76C582670A62D00F6FAD9 /* MainMenu.storyboard */,
			);
			path = View;
			sourceTree = "<group>";
		};
		B4F76C1626709ED500F6FAD9 /* Model */ = {
			isa = PBXGroup;
			children = (
			);
			path = Model;
			sourceTree = "<group>";
		};
		B4F76C1726709EDD00F6FAD9 /* Controller */ = {
			isa = PBXGroup;
			children = (
				B4F76C5B2670A64B00F6FAD9 /* MainMenuViewController.swift */,
			);
			path = Controller;
			sourceTree = "<group>";
		};
		B4F76C1A26709F5300F6FAD9 /* Guidance */ = {
			isa = PBXGroup;
			children = (
				B4F76C1C26709F6600F6FAD9 /* Pages */,
				B4F76C1B26709F5C00F6FAD9 /* Model */,
			);
			path = Guidance;
			sourceTree = "<group>";
		};
		B4F76C1B26709F5C00F6FAD9 /* Model */ = {
			isa = PBXGroup;
			children = (
			);
			path = Model;
			sourceTree = "<group>";
		};
		B4F76C1C26709F6600F6FAD9 /* Pages */ = {
			isa = PBXGroup;
			children = (
				B4F76C1E26709F7800F6FAD9 /* View */,
				B4F76C1D26709F6D00F6FAD9 /* Controller */,
			);
			path = Pages;
			sourceTree = "<group>";
		};
		B4F76C1D26709F6D00F6FAD9 /* Controller */ = {
			isa = PBXGroup;
			children = (
				B4F76C522670A58800F6FAD9 /* GuidanceViewController.swift */,
			);
			path = Controller;
			sourceTree = "<group>";
		};
		B4F76C1E26709F7800F6FAD9 /* View */ = {
			isa = PBXGroup;
			children = (
				B4F76C4F2670A56E00F6FAD9 /* Guidance.storyboard */,
			);
			path = View;
			sourceTree = "<group>";
		};
/* End PBXGroup section */

/* Begin PBXNativeTarget section */
		B4F76BBC266F7A4200F6FAD9 /* FlowchartReader */ = {
			isa = PBXNativeTarget;
			buildConfigurationList = B4F76BD4266F7A4600F6FAD9 /* Build configuration list for PBXNativeTarget "FlowchartReader" */;
			buildPhases = (
				B4F76BB9266F7A4200F6FAD9 /* Sources */,
				B4F76BBA266F7A4200F6FAD9 /* Frameworks */,
				B4F76BBB266F7A4200F6FAD9 /* Resources */,
			);
			buildRules = (
			);
			dependencies = (
			);
			name = FlowchartReader;
			productName = FlowchartReader;
			productReference = B4F76BBD266F7A4200F6FAD9 /* FlowchartReader.app */;
			productType = "com.apple.product-type.application";
		};
/* End PBXNativeTarget section */

/* Begin PBXProject section */
		B4F76BB5266F7A4200F6FAD9 /* Project object */ = {
			isa = PBXProject;
			attributes = {
				LastSwiftUpdateCheck = 1240;
				LastUpgradeCheck = 1240;
				TargetAttributes = {
					B4F76BBC266F7A4200F6FAD9 = {
						CreatedOnToolsVersion = 12.4;
					};
				};
			};
			buildConfigurationList = B4F76BB8266F7A4200F6FAD9 /* Build configuration list for PBXProject "FlowchartReader" */;
			compatibilityVersion = "Xcode 9.3";
			developmentRegion = en;
			hasScannedForEncodings = 0;
			knownRegions = (
				en,
				Base,
			);
			mainGroup = B4F76BB4266F7A4200F6FAD9;
			productRefGroup = B4F76BBE266F7A4200F6FAD9 /* Products */;
			projectDirPath = "";
			projectRoot = "";
			targets = (
				B4F76BBC266F7A4200F6FAD9 /* FlowchartReader */,
			);
		};
/* End PBXProject section */

/* Begin PBXResourcesBuildPhase section */
		B4F76BBB266F7A4200F6FAD9 /* Resources */ = {
			isa = PBXResourcesBuildPhase;
			buildActionMask = 2147483647;
			files = (
				B4F76BD0266F7A4600F6FAD9 /* LaunchScreen.storyboard in Resources */,
				B4F76C592670A62D00F6FAD9 /* MainMenu.storyboard in Resources */,
				B4F76C502670A56E00F6FAD9 /* Guidance.storyboard in Resources */,
				031F0A4D2674962700570B0B /* ListProjects.storyboard in Resources */,
				B4F76BCD266F7A4600F6FAD9 /* Assets.xcassets in Resources */,
				B4F76BC8266F7A4300F6FAD9 /* Main.storyboard in Resources */,
				031F0A5D2674A66900570B0B /* DetailFlowchart.storyboard in Resources */,
				B4F76C1126709E2200F6FAD9 /* FlowchartReader.storyboard in Resources */,
			);
			runOnlyForDeploymentPostprocessing = 0;
		};
/* End PBXResourcesBuildPhase section */

/* Begin PBXSourcesBuildPhase section */
		B4F76BB9266F7A4200F6FAD9 /* Sources */ = {
			isa = PBXSourcesBuildPhase;
			buildActionMask = 2147483647;
			files = (
				031F0A5F2674A67900570B0B /* DetailFlowchartView.swift in Sources */,
				031F0A542674972F00570B0B /* ListProjectsView.swift in Sources */,
				031F0A4B267493CE00570B0B /* Projects.swift in Sources */,
				B4F76C5C2670A64B00F6FAD9 /* MainMenuViewController.swift in Sources */,
				031F0A612674A68900570B0B /* DetailFlowchartViewController.swift in Sources */,
				031F0A51267496B700570B0B /* ListProjectsViewController.swift in Sources */,
				B4F76BC5266F7A4300F6FAD9 /* ViewController.swift in Sources */,
				B4F76BCB266F7A4300F6FAD9 /* FlowchartReader.xcdatamodeld in Sources */,
				B4F76BC1266F7A4300F6FAD9 /* AppDelegate.swift in Sources */,
				B4F76C532670A58800F6FAD9 /* GuidanceViewController.swift in Sources */,
				B4F76BC3266F7A4300F6FAD9 /* SceneDelegate.swift in Sources */,
			);
			runOnlyForDeploymentPostprocessing = 0;
		};
/* End PBXSourcesBuildPhase section */

/* Begin PBXVariantGroup section */
		B4F76BC6266F7A4300F6FAD9 /* Main.storyboard */ = {
			isa = PBXVariantGroup;
			children = (
				B4F76BC7266F7A4300F6FAD9 /* Base */,
			);
			name = Main.storyboard;
			sourceTree = "<group>";
		};
		B4F76BCE266F7A4600F6FAD9 /* LaunchScreen.storyboard */ = {
			isa = PBXVariantGroup;
			children = (
				B4F76BCF266F7A4600F6FAD9 /* Base */,
			);
			name = LaunchScreen.storyboard;
			sourceTree = "<group>";
		};
/* End PBXVariantGroup section */

/* Begin XCBuildConfiguration section */
		B4F76BD2266F7A4600F6FAD9 /* Debug */ = {
			isa = XCBuildConfiguration;
			buildSettings = {
				ALWAYS_SEARCH_USER_PATHS = NO;
				CLANG_ANALYZER_NONNULL = YES;
				CLANG_ANALYZER_NUMBER_OBJECT_CONVERSION = YES_AGGRESSIVE;
				CLANG_CXX_LANGUAGE_STANDARD = "gnu++14";
				CLANG_CXX_LIBRARY = "libc++";
				CLANG_ENABLE_MODULES = YES;
				CLANG_ENABLE_OBJC_ARC = YES;
				CLANG_ENABLE_OBJC_WEAK = YES;
				CLANG_WARN_BLOCK_CAPTURE_AUTORELEASING = YES;
				CLANG_WARN_BOOL_CONVERSION = YES;
				CLANG_WARN_COMMA = YES;
				CLANG_WARN_CONSTANT_CONVERSION = YES;
				CLANG_WARN_DEPRECATED_OBJC_IMPLEMENTATIONS = YES;
				CLANG_WARN_DIRECT_OBJC_ISA_USAGE = YES_ERROR;
				CLANG_WARN_DOCUMENTATION_COMMENTS = YES;
				CLANG_WARN_EMPTY_BODY = YES;
				CLANG_WARN_ENUM_CONVERSION = YES;
				CLANG_WARN_INFINITE_RECURSION = YES;
				CLANG_WARN_INT_CONVERSION = YES;
				CLANG_WARN_NON_LITERAL_NULL_CONVERSION = YES;
				CLANG_WARN_OBJC_IMPLICIT_RETAIN_SELF = YES;
				CLANG_WARN_OBJC_LITERAL_CONVERSION = YES;
				CLANG_WARN_OBJC_ROOT_CLASS = YES_ERROR;
				CLANG_WARN_QUOTED_INCLUDE_IN_FRAMEWORK_HEADER = YES;
				CLANG_WARN_RANGE_LOOP_ANALYSIS = YES;
				CLANG_WARN_STRICT_PROTOTYPES = YES;
				CLANG_WARN_SUSPICIOUS_MOVE = YES;
				CLANG_WARN_UNGUARDED_AVAILABILITY = YES_AGGRESSIVE;
				CLANG_WARN_UNREACHABLE_CODE = YES;
				CLANG_WARN__DUPLICATE_METHOD_MATCH = YES;
				COPY_PHASE_STRIP = NO;
				DEBUG_INFORMATION_FORMAT = dwarf;
				ENABLE_STRICT_OBJC_MSGSEND = YES;
				ENABLE_TESTABILITY = YES;
				GCC_C_LANGUAGE_STANDARD = gnu11;
				GCC_DYNAMIC_NO_PIC = NO;
				GCC_NO_COMMON_BLOCKS = YES;
				GCC_OPTIMIZATION_LEVEL = 0;
				GCC_PREPROCESSOR_DEFINITIONS = (
					"DEBUG=1",
					"$(inherited)",
				);
				GCC_WARN_64_TO_32_BIT_CONVERSION = YES;
				GCC_WARN_ABOUT_RETURN_TYPE = YES_ERROR;
				GCC_WARN_UNDECLARED_SELECTOR = YES;
				GCC_WARN_UNINITIALIZED_AUTOS = YES_AGGRESSIVE;
				GCC_WARN_UNUSED_FUNCTION = YES;
				GCC_WARN_UNUSED_VARIABLE = YES;
				IPHONEOS_DEPLOYMENT_TARGET = 14.4;
				MTL_ENABLE_DEBUG_INFO = INCLUDE_SOURCE;
				MTL_FAST_MATH = YES;
				ONLY_ACTIVE_ARCH = YES;
				SDKROOT = iphoneos;
				SWIFT_ACTIVE_COMPILATION_CONDITIONS = DEBUG;
				SWIFT_OPTIMIZATION_LEVEL = "-Onone";
			};
			name = Debug;
		};
		B4F76BD3266F7A4600F6FAD9 /* Release */ = {
			isa = XCBuildConfiguration;
			buildSettings = {
				ALWAYS_SEARCH_USER_PATHS = NO;
				CLANG_ANALYZER_NONNULL = YES;
				CLANG_ANALYZER_NUMBER_OBJECT_CONVERSION = YES_AGGRESSIVE;
				CLANG_CXX_LANGUAGE_STANDARD = "gnu++14";
				CLANG_CXX_LIBRARY = "libc++";
				CLANG_ENABLE_MODULES = YES;
				CLANG_ENABLE_OBJC_ARC = YES;
				CLANG_ENABLE_OBJC_WEAK = YES;
				CLANG_WARN_BLOCK_CAPTURE_AUTORELEASING = YES;
				CLANG_WARN_BOOL_CONVERSION = YES;
				CLANG_WARN_COMMA = YES;
				CLANG_WARN_CONSTANT_CONVERSION = YES;
				CLANG_WARN_DEPRECATED_OBJC_IMPLEMENTATIONS = YES;
				CLANG_WARN_DIRECT_OBJC_ISA_USAGE = YES_ERROR;
				CLANG_WARN_DOCUMENTATION_COMMENTS = YES;
				CLANG_WARN_EMPTY_BODY = YES;
				CLANG_WARN_ENUM_CONVERSION = YES;
				CLANG_WARN_INFINITE_RECURSION = YES;
				CLANG_WARN_INT_CONVERSION = YES;
				CLANG_WARN_NON_LITERAL_NULL_CONVERSION = YES;
				CLANG_WARN_OBJC_IMPLICIT_RETAIN_SELF = YES;
				CLANG_WARN_OBJC_LITERAL_CONVERSION = YES;
				CLANG_WARN_OBJC_ROOT_CLASS = YES_ERROR;
				CLANG_WARN_QUOTED_INCLUDE_IN_FRAMEWORK_HEADER = YES;
				CLANG_WARN_RANGE_LOOP_ANALYSIS = YES;
				CLANG_WARN_STRICT_PROTOTYPES = YES;
				CLANG_WARN_SUSPICIOUS_MOVE = YES;
				CLANG_WARN_UNGUARDED_AVAILABILITY = YES_AGGRESSIVE;
				CLANG_WARN_UNREACHABLE_CODE = YES;
				CLANG_WARN__DUPLICATE_METHOD_MATCH = YES;
				COPY_PHASE_STRIP = NO;
				DEBUG_INFORMATION_FORMAT = "dwarf-with-dsym";
				ENABLE_NS_ASSERTIONS = NO;
				ENABLE_STRICT_OBJC_MSGSEND = YES;
				GCC_C_LANGUAGE_STANDARD = gnu11;
				GCC_NO_COMMON_BLOCKS = YES;
				GCC_WARN_64_TO_32_BIT_CONVERSION = YES;
				GCC_WARN_ABOUT_RETURN_TYPE = YES_ERROR;
				GCC_WARN_UNDECLARED_SELECTOR = YES;
				GCC_WARN_UNINITIALIZED_AUTOS = YES_AGGRESSIVE;
				GCC_WARN_UNUSED_FUNCTION = YES;
				GCC_WARN_UNUSED_VARIABLE = YES;
				IPHONEOS_DEPLOYMENT_TARGET = 14.4;
				MTL_ENABLE_DEBUG_INFO = NO;
				MTL_FAST_MATH = YES;
				SDKROOT = iphoneos;
				SWIFT_COMPILATION_MODE = wholemodule;
				SWIFT_OPTIMIZATION_LEVEL = "-O";
				VALIDATE_PRODUCT = YES;
			};
			name = Release;
		};
		B4F76BD5266F7A4600F6FAD9 /* Debug */ = {
			isa = XCBuildConfiguration;
			buildSettings = {
				ASSETCATALOG_COMPILER_APPICON_NAME = AppIcon;
				ASSETCATALOG_COMPILER_GLOBAL_ACCENT_COLOR_NAME = AccentColor;
				CODE_SIGN_STYLE = Automatic;
				DEVELOPMENT_TEAM = 95KTG3M5L3;
				INFOPLIST_FILE = FlowchartReader/Info.plist;
				LD_RUNPATH_SEARCH_PATHS = (
					"$(inherited)",
					"@executable_path/Frameworks",
				);
				PRODUCT_BUNDLE_IDENTIFIER = "Apple-Developer.FlowchartReader";
				PRODUCT_NAME = "$(TARGET_NAME)";
				SWIFT_VERSION = 5.0;
				TARGETED_DEVICE_FAMILY = "1,2";
			};
			name = Debug;
		};
		B4F76BD6266F7A4600F6FAD9 /* Release */ = {
			isa = XCBuildConfiguration;
			buildSettings = {
				ASSETCATALOG_COMPILER_APPICON_NAME = AppIcon;
				ASSETCATALOG_COMPILER_GLOBAL_ACCENT_COLOR_NAME = AccentColor;
				CODE_SIGN_STYLE = Automatic;
				DEVELOPMENT_TEAM = 95KTG3M5L3;
				INFOPLIST_FILE = FlowchartReader/Info.plist;
				LD_RUNPATH_SEARCH_PATHS = (
					"$(inherited)",
					"@executable_path/Frameworks",
				);
				PRODUCT_BUNDLE_IDENTIFIER = "Apple-Developer.FlowchartReader";
				PRODUCT_NAME = "$(TARGET_NAME)";
				SWIFT_VERSION = 5.0;
				TARGETED_DEVICE_FAMILY = "1,2";
			};
			name = Release;
		};
/* End XCBuildConfiguration section */

/* Begin XCConfigurationList section */
		B4F76BB8266F7A4200F6FAD9 /* Build configuration list for PBXProject "FlowchartReader" */ = {
			isa = XCConfigurationList;
			buildConfigurations = (
				B4F76BD2266F7A4600F6FAD9 /* Debug */,
				B4F76BD3266F7A4600F6FAD9 /* Release */,
			);
			defaultConfigurationIsVisible = 0;
			defaultConfigurationName = Release;
		};
		B4F76BD4266F7A4600F6FAD9 /* Build configuration list for PBXNativeTarget "FlowchartReader" */ = {
			isa = XCConfigurationList;
			buildConfigurations = (
				B4F76BD5266F7A4600F6FAD9 /* Debug */,
				B4F76BD6266F7A4600F6FAD9 /* Release */,
			);
			defaultConfigurationIsVisible = 0;
			defaultConfigurationName = Release;
		};
/* End XCConfigurationList section */

/* Begin XCVersionGroup section */
		B4F76BC9266F7A4300F6FAD9 /* FlowchartReader.xcdatamodeld */ = {
			isa = XCVersionGroup;
			children = (
				B4F76BCA266F7A4300F6FAD9 /* FlowchartReader.xcdatamodel */,
			);
			currentVersion = B4F76BCA266F7A4300F6FAD9 /* FlowchartReader.xcdatamodel */;
			path = FlowchartReader.xcdatamodeld;
			sourceTree = "<group>";
			versionGroupType = wrapper.xcdatamodel;
		};
/* End XCVersionGroup section */
	};
	rootObject = B4F76BB5266F7A4200F6FAD9 /* Project object */;
}
